// !$*UTF8*$!
{
	archiveVersion = 1;
	classes = {
	};
	objectVersion = 50;
	objects = {

/* Begin PBXBuildFile section */
		3C9D3B5521860F36001B574E /* AppDelegate.swift in Sources */ = {isa = PBXBuildFile; fileRef = 3C9D3B5421860F36001B574E /* AppDelegate.swift */; };
		3C9D3B5721860F36001B574E /* ViewController.swift in Sources */ = {isa = PBXBuildFile; fileRef = 3C9D3B5621860F36001B574E /* ViewController.swift */; };
		3C9D3B5A21860F36001B574E /* Main.storyboard in Resources */ = {isa = PBXBuildFile; fileRef = 3C9D3B5821860F36001B574E /* Main.storyboard */; };
		3C9D3B5D21860F36001B574E /* Powerfactor.xcdatamodeld in Sources */ = {isa = PBXBuildFile; fileRef = 3C9D3B5B21860F36001B574E /* Powerfactor.xcdatamodeld */; };
		3C9D3B5F21860F38001B574E /* Assets.xcassets in Resources */ = {isa = PBXBuildFile; fileRef = 3C9D3B5E21860F38001B574E /* Assets.xcassets */; };
		3C9D3B6221860F38001B574E /* LaunchScreen.storyboard in Resources */ = {isa = PBXBuildFile; fileRef = 3C9D3B6021860F38001B574E /* LaunchScreen.storyboard */; };
		3C9D3B6D21860F38001B574E /* PowerfactorTests.swift in Sources */ = {isa = PBXBuildFile; fileRef = 3C9D3B6C21860F38001B574E /* PowerfactorTests.swift */; };
		3C9D3B7821860F38001B574E /* PowerfactorUITests.swift in Sources */ = {isa = PBXBuildFile; fileRef = 3C9D3B7721860F38001B574E /* PowerfactorUITests.swift */; };
		3C9D3B872187297D001B574E /* shots.swift in Sources */ = {isa = PBXBuildFile; fileRef = 3C9D3B862187297D001B574E /* shots.swift */; };
/* End PBXBuildFile section */

/* Begin PBXContainerItemProxy section */
		3C9D3B6921860F38001B574E /* PBXContainerItemProxy */ = {
			isa = PBXContainerItemProxy;
			containerPortal = 3C9D3B4921860F36001B574E /* Project object */;
			proxyType = 1;
			remoteGlobalIDString = 3C9D3B5021860F36001B574E;
			remoteInfo = Powerfactor;
		};
		3C9D3B7421860F38001B574E /* PBXContainerItemProxy */ = {
			isa = PBXContainerItemProxy;
			containerPortal = 3C9D3B4921860F36001B574E /* Project object */;
			proxyType = 1;
			remoteGlobalIDString = 3C9D3B5021860F36001B574E;
			remoteInfo = Powerfactor;
		};
/* End PBXContainerItemProxy section */

/* Begin PBXFileReference section */
		3C9D3B5121860F36001B574E /* Powerfactor.app */ = {isa = PBXFileReference; explicitFileType = wrapper.application; includeInIndex = 0; path = Powerfactor.app; sourceTree = BUILT_PRODUCTS_DIR; };
		3C9D3B5421860F36001B574E /* AppDelegate.swift */ = {isa = PBXFileReference; lastKnownFileType = sourcecode.swift; path = AppDelegate.swift; sourceTree = "<group>"; };
		3C9D3B5621860F36001B574E /* ViewController.swift */ = {isa = PBXFileReference; lastKnownFileType = sourcecode.swift; path = ViewController.swift; sourceTree = "<group>"; };
		3C9D3B5921860F36001B574E /* Base */ = {isa = PBXFileReference; lastKnownFileType = file.storyboard; name = Base; path = Base.lproj/Main.storyboard; sourceTree = "<group>"; };
		3C9D3B5C21860F36001B574E /* Powerfactor.xcdatamodel */ = {isa = PBXFileReference; lastKnownFileType = wrapper.xcdatamodel; path = Powerfactor.xcdatamodel; sourceTree = "<group>"; };
		3C9D3B5E21860F38001B574E /* Assets.xcassets */ = {isa = PBXFileReference; lastKnownFileType = folder.assetcatalog; path = Assets.xcassets; sourceTree = "<group>"; };
		3C9D3B6121860F38001B574E /* Base */ = {isa = PBXFileReference; lastKnownFileType = file.storyboard; name = Base; path = Base.lproj/LaunchScreen.storyboard; sourceTree = "<group>"; };
		3C9D3B6321860F38001B574E /* Info.plist */ = {isa = PBXFileReference; lastKnownFileType = text.plist.xml; path = Info.plist; sourceTree = "<group>"; };
		3C9D3B6821860F38001B574E /* PowerfactorTests.xctest */ = {isa = PBXFileReference; explicitFileType = wrapper.cfbundle; includeInIndex = 0; path = PowerfactorTests.xctest; sourceTree = BUILT_PRODUCTS_DIR; };
		3C9D3B6C21860F38001B574E /* PowerfactorTests.swift */ = {isa = PBXFileReference; lastKnownFileType = sourcecode.swift; path = PowerfactorTests.swift; sourceTree = "<group>"; };
		3C9D3B6E21860F38001B574E /* Info.plist */ = {isa = PBXFileReference; lastKnownFileType = text.plist.xml; path = Info.plist; sourceTree = "<group>"; };
		3C9D3B7321860F38001B574E /* PowerfactorUITests.xctest */ = {isa = PBXFileReference; explicitFileType = wrapper.cfbundle; includeInIndex = 0; path = PowerfactorUITests.xctest; sourceTree = BUILT_PRODUCTS_DIR; };
		3C9D3B7721860F38001B574E /* PowerfactorUITests.swift */ = {isa = PBXFileReference; lastKnownFileType = sourcecode.swift; path = PowerfactorUITests.swift; sourceTree = "<group>"; };
		3C9D3B7921860F38001B574E /* Info.plist */ = {isa = PBXFileReference; lastKnownFileType = text.plist.xml; path = Info.plist; sourceTree = "<group>"; };
		3C9D3B862187297D001B574E /* shots.swift */ = {isa = PBXFileReference; lastKnownFileType = sourcecode.swift; path = shots.swift; sourceTree = "<group>"; };
/* End PBXFileReference section */

/* Begin PBXFrameworksBuildPhase section */
		3C9D3B4E21860F36001B574E /* Frameworks */ = {
			isa = PBXFrameworksBuildPhase;
			buildActionMask = 2147483647;
			files = (
			);
			runOnlyForDeploymentPostprocessing = 0;
		};
		3C9D3B6521860F38001B574E /* Frameworks */ = {
			isa = PBXFrameworksBuildPhase;
			buildActionMask = 2147483647;
			files = (
			);
			runOnlyForDeploymentPostprocessing = 0;
		};
		3C9D3B7021860F38001B574E /* Frameworks */ = {
			isa = PBXFrameworksBuildPhase;
			buildActionMask = 2147483647;
			files = (
			);
			runOnlyForDeploymentPostprocessing = 0;
		};
/* End PBXFrameworksBuildPhase section */

/* Begin PBXGroup section */
		3C9D3B4821860F36001B574E = {
			isa = PBXGroup;
			children = (
				3C9D3B5321860F36001B574E /* Powerfactor */,
				3C9D3B6B21860F38001B574E /* PowerfactorTests */,
				3C9D3B7621860F38001B574E /* PowerfactorUITests */,
				3C9D3B5221860F36001B574E /* Products */,
			);
			sourceTree = "<group>";
		};
		3C9D3B5221860F36001B574E /* Products */ = {
			isa = PBXGroup;
			children = (
				3C9D3B5121860F36001B574E /* Powerfactor.app */,
				3C9D3B6821860F38001B574E /* PowerfactorTests.xctest */,
				3C9D3B7321860F38001B574E /* PowerfactorUITests.xctest */,
			);
			name = Products;
			sourceTree = "<group>";
		};
		3C9D3B5321860F36001B574E /* Powerfactor */ = {
			isa = PBXGroup;
			children = (
				3C9D3B8521872952001B574E /* source */,
				3C9D3B5821860F36001B574E /* Main.storyboard */,
				3C9D3B5E21860F38001B574E /* Assets.xcassets */,
				3C9D3B6021860F38001B574E /* LaunchScreen.storyboard */,
				3C9D3B6321860F38001B574E /* Info.plist */,
				3C9D3B5B21860F36001B574E /* Powerfactor.xcdatamodeld */,
			);
			path = Powerfactor;
			sourceTree = "<group>";
		};
		3C9D3B6B21860F38001B574E /* PowerfactorTests */ = {
			isa = PBXGroup;
			children = (
				3C9D3B6C21860F38001B574E /* PowerfactorTests.swift */,
				3C9D3B6E21860F38001B574E /* Info.plist */,
			);
			path = PowerfactorTests;
			sourceTree = "<group>";
		};
		3C9D3B7621860F38001B574E /* PowerfactorUITests */ = {
			isa = PBXGroup;
			children = (
				3C9D3B7721860F38001B574E /* PowerfactorUITests.swift */,
				3C9D3B7921860F38001B574E /* Info.plist */,
			);
			path = PowerfactorUITests;
			sourceTree = "<group>";
		};
		3C9D3B8521872952001B574E /* source */ = {
			isa = PBXGroup;
			children = (
				3C9D3B5421860F36001B574E /* AppDelegate.swift */,
				3C9D3B5621860F36001B574E /* ViewController.swift */,
				3C9D3B862187297D001B574E /* shots.swift */,
			);
			path = source;
			sourceTree = "<group>";
		};
/* End PBXGroup section */

/* Begin PBXNativeTarget section */
		3C9D3B5021860F36001B574E /* Powerfactor */ = {
			isa = PBXNativeTarget;
			buildConfigurationList = 3C9D3B7C21860F38001B574E /* Build configuration list for PBXNativeTarget "Powerfactor" */;
			buildPhases = (
				3C9D3B4D21860F36001B574E /* Sources */,
				3C9D3B4E21860F36001B574E /* Frameworks */,
				3C9D3B4F21860F36001B574E /* Resources */,
			);
			buildRules = (
			);
			dependencies = (
			);
			name = Powerfactor;
			productName = Powerfactor;
			productReference = 3C9D3B5121860F36001B574E /* Powerfactor.app */;
			productType = "com.apple.product-type.application";
		};
		3C9D3B6721860F38001B574E /* PowerfactorTests */ = {
			isa = PBXNativeTarget;
			buildConfigurationList = 3C9D3B7F21860F38001B574E /* Build configuration list for PBXNativeTarget "PowerfactorTests" */;
			buildPhases = (
				3C9D3B6421860F38001B574E /* Sources */,
				3C9D3B6521860F38001B574E /* Frameworks */,
				3C9D3B6621860F38001B574E /* Resources */,
			);
			buildRules = (
			);
			dependencies = (
				3C9D3B6A21860F38001B574E /* PBXTargetDependency */,
			);
			name = PowerfactorTests;
			productName = PowerfactorTests;
			productReference = 3C9D3B6821860F38001B574E /* PowerfactorTests.xctest */;
			productType = "com.apple.product-type.bundle.unit-test";
		};
		3C9D3B7221860F38001B574E /* PowerfactorUITests */ = {
			isa = PBXNativeTarget;
			buildConfigurationList = 3C9D3B8221860F38001B574E /* Build configuration list for PBXNativeTarget "PowerfactorUITests" */;
			buildPhases = (
				3C9D3B6F21860F38001B574E /* Sources */,
				3C9D3B7021860F38001B574E /* Frameworks */,
				3C9D3B7121860F38001B574E /* Resources */,
			);
			buildRules = (
			);
			dependencies = (
				3C9D3B7521860F38001B574E /* PBXTargetDependency */,
			);
			name = PowerfactorUITests;
			productName = PowerfactorUITests;
			productReference = 3C9D3B7321860F38001B574E /* PowerfactorUITests.xctest */;
			productType = "com.apple.product-type.bundle.ui-testing";
		};
/* End PBXNativeTarget section */

/* Begin PBXProject section */
		3C9D3B4921860F36001B574E /* Project object */ = {
			isa = PBXProject;
			attributes = {
				LastSwiftUpdateCheck = 1000;
				LastUpgradeCheck = 1000;
				ORGANIZATIONNAME = "Greg Gudenburr";
				TargetAttributes = {
					3C9D3B5021860F36001B574E = {
						CreatedOnToolsVersion = 10.0;
					};
					3C9D3B6721860F38001B574E = {
						CreatedOnToolsVersion = 10.0;
						TestTargetID = 3C9D3B5021860F36001B574E;
					};
					3C9D3B7221860F38001B574E = {
						CreatedOnToolsVersion = 10.0;
						TestTargetID = 3C9D3B5021860F36001B574E;
					};
				};
			};
			buildConfigurationList = 3C9D3B4C21860F36001B574E /* Build configuration list for PBXProject "Powerfactor" */;
			compatibilityVersion = "Xcode 9.3";
			developmentRegion = en;
			hasScannedForEncodings = 0;
			knownRegions = (
				en,
				Base,
			);
			mainGroup = 3C9D3B4821860F36001B574E;
			productRefGroup = 3C9D3B5221860F36001B574E /* Products */;
			projectDirPath = "";
			projectRoot = "";
			targets = (
				3C9D3B5021860F36001B574E /* Powerfactor */,
				3C9D3B6721860F38001B574E /* PowerfactorTests */,
				3C9D3B7221860F38001B574E /* PowerfactorUITests */,
			);
		};
/* End PBXProject section */

/* Begin PBXResourcesBuildPhase section */
		3C9D3B4F21860F36001B574E /* Resources */ = {
			isa = PBXResourcesBuildPhase;
			buildActionMask = 2147483647;
			files = (
				3C9D3B6221860F38001B574E /* LaunchScreen.storyboard in Resources */,
				3C9D3B5F21860F38001B574E /* Assets.xcassets in Resources */,
				3C9D3B5A21860F36001B574E /* Main.storyboard in Resources */,
			);
			runOnlyForDeploymentPostprocessing = 0;
		};
		3C9D3B6621860F38001B574E /* Resources */ = {
			isa = PBXResourcesBuildPhase;
			buildActionMask = 2147483647;
			files = (
			);
			runOnlyForDeploymentPostprocessing = 0;
		};
		3C9D3B7121860F38001B574E /* Resources */ = {
			isa = PBXResourcesBuildPhase;
			buildActionMask = 2147483647;
			files = (
			);
			runOnlyForDeploymentPostprocessing = 0;
		};
/* End PBXResourcesBuildPhase section */

/* Begin PBXSourcesBuildPhase section */
		3C9D3B4D21860F36001B574E /* Sources */ = {
			isa = PBXSourcesBuildPhase;
			buildActionMask = 2147483647;
			files = (
				3C9D3B5721860F36001B574E /* ViewController.swift in Sources */,
				3C9D3B5D21860F36001B574E /* Powerfactor.xcdatamodeld in Sources */,
				3C9D3B5521860F36001B574E /* AppDelegate.swift in Sources */,
				3C9D3B872187297D001B574E /* shots.swift in Sources */,
			);
			runOnlyForDeploymentPostprocessing = 0;
		};
		3C9D3B6421860F38001B574E /* Sources */ = {
			isa = PBXSourcesBuildPhase;
			buildActionMask = 2147483647;
			files = (
				3C9D3B6D21860F38001B574E /* PowerfactorTests.swift in Sources */,
			);
			runOnlyForDeploymentPostprocessing = 0;
		};
		3C9D3B6F21860F38001B574E /* Sources */ = {
			isa = PBXSourcesBuildPhase;
			buildActionMask = 2147483647;
			files = (
				3C9D3B7821860F38001B574E /* PowerfactorUITests.swift in Sources */,
			);
			runOnlyForDeploymentPostprocessing = 0;
		};
/* End PBXSourcesBuildPhase section */

/* Begin PBXTargetDependency section */
		3C9D3B6A21860F38001B574E /* PBXTargetDependency */ = {
			isa = PBXTargetDependency;
			target = 3C9D3B5021860F36001B574E /* Powerfactor */;
			targetProxy = 3C9D3B6921860F38001B574E /* PBXContainerItemProxy */;
		};
		3C9D3B7521860F38001B574E /* PBXTargetDependency */ = {
			isa = PBXTargetDependency;
			target = 3C9D3B5021860F36001B574E /* Powerfactor */;
			targetProxy = 3C9D3B7421860F38001B574E /* PBXContainerItemProxy */;
		};
/* End PBXTargetDependency section */

/* Begin PBXVariantGroup section */
		3C9D3B5821860F36001B574E /* Main.storyboard */ = {
			isa = PBXVariantGroup;
			children = (
				3C9D3B5921860F36001B574E /* Base */,
			);
			name = Main.storyboard;
			sourceTree = "<group>";
		};
		3C9D3B6021860F38001B574E /* LaunchScreen.storyboard */ = {
			isa = PBXVariantGroup;
			children = (
				3C9D3B6121860F38001B574E /* Base */,
			);
			name = LaunchScreen.storyboard;
			sourceTree = "<group>";
		};
/* End PBXVariantGroup section */

/* Begin XCBuildConfiguration section */
		3C9D3B7A21860F38001B574E /* Debug */ = {
			isa = XCBuildConfiguration;
			buildSettings = {
				ALWAYS_SEARCH_USER_PATHS = NO;
				CLANG_ANALYZER_NONNULL = YES;
				CLANG_ANALYZER_NUMBER_OBJECT_CONVERSION = YES_AGGRESSIVE;
				CLANG_CXX_LANGUAGE_STANDARD = "gnu++14";
				CLANG_CXX_LIBRARY = "libc++";
				CLANG_ENABLE_MODULES = YES;
				CLANG_ENABLE_OBJC_ARC = YES;
				CLANG_ENABLE_OBJC_WEAK = YES;
				CLANG_WARN_BLOCK_CAPTURE_AUTORELEASING = YES;
				CLANG_WARN_BOOL_CONVERSION = YES;
				CLANG_WARN_COMMA = YES;
				CLANG_WARN_CONSTANT_CONVERSION = YES;
				CLANG_WARN_DEPRECATED_OBJC_IMPLEMENTATIONS = YES;
				CLANG_WARN_DIRECT_OBJC_ISA_USAGE = YES_ERROR;
				CLANG_WARN_DOCUMENTATION_COMMENTS = YES;
				CLANG_WARN_EMPTY_BODY = YES;
				CLANG_WARN_ENUM_CONVERSION = YES;
				CLANG_WARN_INFINITE_RECURSION = YES;
				CLANG_WARN_INT_CONVERSION = YES;
				CLANG_WARN_NON_LITERAL_NULL_CONVERSION = YES;
				CLANG_WARN_OBJC_IMPLICIT_RETAIN_SELF = YES;
				CLANG_WARN_OBJC_LITERAL_CONVERSION = YES;
				CLANG_WARN_OBJC_ROOT_CLASS = YES_ERROR;
				CLANG_WARN_RANGE_LOOP_ANALYSIS = YES;
				CLANG_WARN_STRICT_PROTOTYPES = YES;
				CLANG_WARN_SUSPICIOUS_MOVE = YES;
				CLANG_WARN_UNGUARDED_AVAILABILITY = YES_AGGRESSIVE;
				CLANG_WARN_UNREACHABLE_CODE = YES;
				CLANG_WARN__DUPLICATE_METHOD_MATCH = YES;
				CODE_SIGN_IDENTITY = "iPhone Developer";
				COPY_PHASE_STRIP = NO;
				DEBUG_INFORMATION_FORMAT = dwarf;
				ENABLE_STRICT_OBJC_MSGSEND = YES;
				ENABLE_TESTABILITY = YES;
				GCC_C_LANGUAGE_STANDARD = gnu11;
				GCC_DYNAMIC_NO_PIC = NO;
				GCC_NO_COMMON_BLOCKS = YES;
				GCC_OPTIMIZATION_LEVEL = 0;
				GCC_PREPROCESSOR_DEFINITIONS = (
					"DEBUG=1",
					"$(inherited)",
				);
				GCC_WARN_64_TO_32_BIT_CONVERSION = YES;
				GCC_WARN_ABOUT_RETURN_TYPE = YES_ERROR;
				GCC_WARN_UNDECLARED_SELECTOR = YES;
				GCC_WARN_UNINITIALIZED_AUTOS = YES_AGGRESSIVE;
				GCC_WARN_UNUSED_FUNCTION = YES;
				GCC_WARN_UNUSED_VARIABLE = YES;
				IPHONEOS_DEPLOYMENT_TARGET = 12.0;
				MTL_ENABLE_DEBUG_INFO = INCLUDE_SOURCE;
				MTL_FAST_MATH = YES;
				ONLY_ACTIVE_ARCH = YES;
				SDKROOT = iphoneos;
				SWIFT_ACTIVE_COMPILATION_CONDITIONS = DEBUG;
				SWIFT_OPTIMIZATION_LEVEL = "-Onone";
			};
			name = Debug;
		};
		3C9D3B7B21860F38001B574E /* Release */ = {
			isa = XCBuildConfiguration;
			buildSettings = {
				ALWAYS_SEARCH_USER_PATHS = NO;
				CLANG_ANALYZER_NONNULL = YES;
				CLANG_ANALYZER_NUMBER_OBJECT_CONVERSION = YES_AGGRESSIVE;
				CLANG_CXX_LANGUAGE_STANDARD = "gnu++14";
				CLANG_CXX_LIBRARY = "libc++";
				CLANG_ENABLE_MODULES = YES;
				CLANG_ENABLE_OBJC_ARC = YES;
				CLANG_ENABLE_OBJC_WEAK = YES;
				CLANG_WARN_BLOCK_CAPTURE_AUTORELEASING = YES;
				CLANG_WARN_BOOL_CONVERSION = YES;
				CLANG_WARN_COMMA = YES;
				CLANG_WARN_CONSTANT_CONVERSION = YES;
				CLANG_WARN_DEPRECATED_OBJC_IMPLEMENTATIONS = YES;
				CLANG_WARN_DIRECT_OBJC_ISA_USAGE = YES_ERROR;
				CLANG_WARN_DOCUMENTATION_COMMENTS = YES;
				CLANG_WARN_EMPTY_BODY = YES;
				CLANG_WARN_ENUM_CONVERSION = YES;
				CLANG_WARN_INFINITE_RECURSION = YES;
				CLANG_WARN_INT_CONVERSION = YES;
				CLANG_WARN_NON_LITERAL_NULL_CONVERSION = YES;
				CLANG_WARN_OBJC_IMPLICIT_RETAIN_SELF = YES;
				CLANG_WARN_OBJC_LITERAL_CONVERSION = YES;
				CLANG_WARN_OBJC_ROOT_CLASS = YES_ERROR;
				CLANG_WARN_RANGE_LOOP_ANALYSIS = YES;
				CLANG_WARN_STRICT_PROTOTYPES = YES;
				CLANG_WARN_SUSPICIOUS_MOVE = YES;
				CLANG_WARN_UNGUARDED_AVAILABILITY = YES_AGGRESSIVE;
				CLANG_WARN_UNREACHABLE_CODE = YES;
				CLANG_WARN__DUPLICATE_METHOD_MATCH = YES;
				CODE_SIGN_IDENTITY = "iPhone Developer";
				COPY_PHASE_STRIP = NO;
				DEBUG_INFORMATION_FORMAT = "dwarf-with-dsym";
				ENABLE_NS_ASSERTIONS = NO;
				ENABLE_STRICT_OBJC_MSGSEND = YES;
				GCC_C_LANGUAGE_STANDARD = gnu11;
				GCC_NO_COMMON_BLOCKS = YES;
				GCC_WARN_64_TO_32_BIT_CONVERSION = YES;
				GCC_WARN_ABOUT_RETURN_TYPE = YES_ERROR;
				GCC_WARN_UNDECLARED_SELECTOR = YES;
				GCC_WARN_UNINITIALIZED_AUTOS = YES_AGGRESSIVE;
				GCC_WARN_UNUSED_FUNCTION = YES;
				GCC_WARN_UNUSED_VARIABLE = YES;
				IPHONEOS_DEPLOYMENT_TARGET = 12.0;
				MTL_ENABLE_DEBUG_INFO = NO;
				MTL_FAST_MATH = YES;
				SDKROOT = iphoneos;
				SWIFT_COMPILATION_MODE = wholemodule;
				SWIFT_OPTIMIZATION_LEVEL = "-O";
				VALIDATE_PRODUCT = YES;
			};
			name = Release;
		};
		3C9D3B7D21860F38001B574E /* Debug */ = {
			isa = XCBuildConfiguration;
			buildSettings = {
				ASSETCATALOG_COMPILER_APPICON_NAME = AppIcon;
				CODE_SIGN_IDENTITY = "iPhone Developer";
				CODE_SIGN_STYLE = Automatic;
				DEVELOPMENT_TEAM = NB29B9EANM;
				INFOPLIST_FILE = Powerfactor/Info.plist;
				LD_RUNPATH_SEARCH_PATHS = (
					"$(inherited)",
					"@executable_path/Frameworks",
				);
				PRODUCT_BUNDLE_IDENTIFIER = grg.Powerfactor;
				PRODUCT_NAME = "$(TARGET_NAME)";
				PROVISIONING_PROFILE_SPECIFIER = "";
				SWIFT_VERSION = 4.2;
				TARGETED_DEVICE_FAMILY = "1,2";
			};
			name = Debug;
		};
		3C9D3B7E21860F38001B574E /* Release */ = {
			isa = XCBuildConfiguration;
			buildSettings = {
				ASSETCATALOG_COMPILER_APPICON_NAME = AppIcon;
				CODE_SIGN_IDENTITY = "iPhone Developer";
				CODE_SIGN_STYLE = Automatic;
				DEVELOPMENT_TEAM = NB29B9EANM;
				INFOPLIST_FILE = Powerfactor/Info.plist;
				LD_RUNPATH_SEARCH_PATHS = (
					"$(inherited)",
					"@executable_path/Frameworks",
				);
				PRODUCT_BUNDLE_IDENTIFIER = grg.Powerfactor;
				PRODUCT_NAME = "$(TARGET_NAME)";
				PROVISIONING_PROFILE_SPECIFIER = "";
				SWIFT_VERSION = 4.2;
				TARGETED_DEVICE_FAMILY = "1,2";
			};
			name = Release;
		};
		3C9D3B8021860F38001B574E /* Debug */ = {
			isa = XCBuildConfiguration;
			buildSettings = {
				ALWAYS_EMBED_SWIFT_STANDARD_LIBRARIES = YES;
				BUNDLE_LOADER = "$(TEST_HOST)";
				CODE_SIGN_STYLE = Automatic;
				INFOPLIST_FILE = PowerfactorTests/Info.plist;
				LD_RUNPATH_SEARCH_PATHS = (
					"$(inherited)",
					"@executable_path/Frameworks",
					"@loader_path/Frameworks",
				);
				PRODUCT_BUNDLE_IDENTIFIER = grg.PowerfactorTests;
				PRODUCT_NAME = "$(TARGET_NAME)";
				SWIFT_VERSION = 4.2;
				TARGETED_DEVICE_FAMILY = "1,2";
				TEST_HOST = "$(BUILT_PRODUCTS_DIR)/Powerfactor.app/Powerfactor";
			};
			name = Debug;
		};
		3C9D3B8121860F38001B574E /* Release */ = {
			isa = XCBuildConfiguration;
			buildSettings = {
				ALWAYS_EMBED_SWIFT_STANDARD_LIBRARIES = YES;
				BUNDLE_LOADER = "$(TEST_HOST)";
				CODE_SIGN_STYLE = Automatic;
				INFOPLIST_FILE = PowerfactorTests/Info.plist;
				LD_RUNPATH_SEARCH_PATHS = (
					"$(inherited)",
					"@executable_path/Frameworks",
					"@loader_path/Frameworks",
				);
				PRODUCT_BUNDLE_IDENTIFIER = grg.PowerfactorTests;
				PRODUCT_NAME = "$(TARGET_NAME)";
				SWIFT_VERSION = 4.2;
				TARGETED_DEVICE_FAMILY = "1,2";
				TEST_HOST = "$(BUILT_PRODUCTS_DIR)/Powerfactor.app/Powerfactor";
			};
			name = Release;
		};
		3C9D3B8321860F38001B574E /* Debug */ = {
			isa = XCBuildConfiguration;
			buildSettings = {
				ALWAYS_EMBED_SWIFT_STANDARD_LIBRARIES = YES;
				CODE_SIGN_STYLE = Automatic;
				INFOPLIST_FILE = PowerfactorUITests/Info.plist;
				LD_RUNPATH_SEARCH_PATHS = (
					"$(inherited)",
					"@executable_path/Frameworks",
					"@loader_path/Frameworks",
				);
				PRODUCT_BUNDLE_IDENTIFIER = grg.PowerfactorUITests;
				PRODUCT_NAME = "$(TARGET_NAME)";
				SWIFT_VERSION = 4.2;
				TARGETED_DEVICE_FAMILY = "1,2";
				TEST_TARGET_NAME = Powerfactor;
			};
			name = Debug;
		};
		3C9D3B8421860F38001B574E /* Release */ = {
			isa = XCBuildConfiguration;
			buildSettings = {
				ALWAYS_EMBED_SWIFT_STANDARD_LIBRARIES = YES;
				CODE_SIGN_STYLE = Automatic;
				INFOPLIST_FILE = PowerfactorUITests/Info.plist;
				LD_RUNPATH_SEARCH_PATHS = (
					"$(inherited)",
					"@executable_path/Frameworks",
					"@loader_path/Frameworks",
				);
				PRODUCT_BUNDLE_IDENTIFIER = grg.PowerfactorUITests;
				PRODUCT_NAME = "$(TARGET_NAME)";
				SWIFT_VERSION = 4.2;
				TARGETED_DEVICE_FAMILY = "1,2";
				TEST_TARGET_NAME = Powerfactor;
			};
			name = Release;
		};
/* End XCBuildConfiguration section */

/* Begin XCConfigurationList section */
		3C9D3B4C21860F36001B574E /* Build configuration list for PBXProject "Powerfactor" */ = {
			isa = XCConfigurationList;
			buildConfigurations = (
				3C9D3B7A21860F38001B574E /* Debug */,
				3C9D3B7B21860F38001B574E /* Release */,
			);
			defaultConfigurationIsVisible = 0;
			defaultConfigurationName = Release;
		};
		3C9D3B7C21860F38001B574E /* Build configuration list for PBXNativeTarget "Powerfactor" */ = {
			isa = XCConfigurationList;
			buildConfigurations = (
				3C9D3B7D21860F38001B574E /* Debug */,
				3C9D3B7E21860F38001B574E /* Release */,
			);
			defaultConfigurationIsVisible = 0;
			defaultConfigurationName = Release;
		};
		3C9D3B7F21860F38001B574E /* Build configuration list for PBXNativeTarget "PowerfactorTests" */ = {
			isa = XCConfigurationList;
			buildConfigurations = (
				3C9D3B8021860F38001B574E /* Debug */,
				3C9D3B8121860F38001B574E /* Release */,
			);
			defaultConfigurationIsVisible = 0;
			defaultConfigurationName = Release;
		};
		3C9D3B8221860F38001B574E /* Build configuration list for PBXNativeTarget "PowerfactorUITests" */ = {
			isa = XCConfigurationList;
			buildConfigurations = (
				3C9D3B8321860F38001B574E /* Debug */,
				3C9D3B8421860F38001B574E /* Release */,
			);
			defaultConfigurationIsVisible = 0;
			defaultConfigurationName = Release;
		};
/* End XCConfigurationList section */

/* Begin XCVersionGroup section */
		3C9D3B5B21860F36001B574E /* Powerfactor.xcdatamodeld */ = {
			isa = XCVersionGroup;
			children = (
				3C9D3B5C21860F36001B574E /* Powerfactor.xcdatamodel */,
			);
			currentVersion = 3C9D3B5C21860F36001B574E /* Powerfactor.xcdatamodel */;
			path = Powerfactor.xcdatamodeld;
			sourceTree = "<group>";
			versionGroupType = wrapper.xcdatamodel;
		};
/* End XCVersionGroup section */
	};
	rootObject = 3C9D3B4921860F36001B574E /* Project object */;
}
